<?xml version="1.0" encoding="utf-8"?>
<Project ToolsVersion="4.0" xmlns="http://schemas.microsoft.com/developer/msbuild/2003">
  <ItemGroup>
    <ClCompile Include="DriverEntry.c" />
    <ClCompile Include="IoControl\IoControl.c" />
    <ClCompile Include="IoMethod\IoMethod.c" />
  </ItemGroup>
  <ItemGroup>
    <ClInclude Include="ntos.h" />
    <ClInclude Include="IoControl\IoControl.h" />
    <ClInclude Include="DriverEntry.h" />
    <ClInclude Include="IoMethod\IoMethod.h" />
    <ClInclude Include="NativeStructs\Nt19041.h" />
    <ClInclude Include="NativeStructs\Nt10240.h" />
    <ClInclude Include="NativeStructs\Nt10586.h" />
    <ClInclude Include="NativeStructs\Nt14393.h" />
    <ClInclude Include="NativeStructs\Nt15063.h" />
    <ClInclude Include="NativeStructs\Nt16299.h" />
    <ClInclude Include="NativeStructs\Nt17134.h" />
    <ClInclude Include="NativeStructs\Nt17763.h" />
    <ClInclude Include="NativeStructs\Nt18362.h" />
    <ClInclude Include="NativeStructs\Nt19569.h" />
    <ClInclude Include="NativeStructs\Nt20150.h" />
    <ClInclude Include="NativeStructs\Nt20180.h" />
    <ClInclude Include="NativeStructs\Nt21292.h" />
    <ClInclude Include="NativeStructs\Nt22000.h" />
  </ItemGroup>
</Project>